
Microsoft Visual Studio Solution File, Format Version 12.00
# Visual Studio Version 17
VisualStudioVersion = 17.2.32602.215
MinimumVisualStudioVersion = 10.0.40219.1
Project("{8BC9CEB8-8B4A-11D0-8D11-00A0C91BC942}") = "Smoothy", "Smoothy\Smoothy.vcxproj", "{B8DF8CF9-EC68-40AB-90F8-5C301D8E947B}"
EndProject
Global
	GlobalSection(SolutionConfigurationPlatforms) = preSolution
		Debug|x64 = Debug|x64
		Debug|x86 = Debug|x86
		Release|x64 = Release|x64
		Release|x86 = Release|x86
	EndGlobalSection
	GlobalSection(ProjectConfigurationPlatforms) = postSolution
		{B8DF8CF9-EC68-40AB-90F8-5C301D8E947B}.Debug|x64.ActiveCfg = Debug|x64
		{B8DF8CF9-EC68-40AB-90F8-5C301D8E947B}.Debug|x64.Build.0 = Debug|x64
		{B8DF8CF9-EC68-40AB-90F8-5C301D8E947B}.Debug|x86.ActiveCfg = Debug|Win32
		{B8DF8CF9-EC68-40AB-90F8-5C301D8E947B}.Debug|x86.Build.0 = Debug|Win32
		{B8DF8CF9-EC68-40AB-90F8-5C301D8E947B}.Release|x64.ActiveCfg = Release|x64
		{B8DF8CF9-EC68-40AB-90F8-5C301D8E947B}.Release|x64.Build.0 = Release|x64
		{B8DF8CF9-EC68-40AB-90F8-5C301D8E947B}.Release|x86.ActiveCfg = Release|Win32
		{B8DF8CF9-EC68-40AB-90F8-5C301D8E947B}.Release|x86.Build.0 = Release|Win32
	EndGlobalSection
	GlobalSection(SolutionProperties) = preSolution
		HideSolutionNode = FALSE
	EndGlobalSection
	GlobalSection(ExtensibilityGlobals) = postSolution
		SolutionGuid = {81712031-9582-4975-AD98-C1BECFEF5F8F}
	EndGlobalSection
EndGlobal
